
Microsoft Visual Studio Solution File, Format Version 12.00
# Visual Studio 15
VisualStudioVersion = 15.0.28307.1022
MinimumVisualStudioVersion = 10.0.40219.1
Project("{FAE04EC0-301F-11D3-BF4B-00C04F79EFBC}") = "MoharDamage", "DamageWorker\MoharDamage.csproj", "{097B6685-662D-44A7-A082-E1060E81D9D2}"
EndProject
Global
	GlobalSection(SolutionConfigurationPlatforms) = preSolution
		Debug|Any CPU = Debug|Any CPU
		Release|Any CPU = Release|Any CPU
	EndGlobalSection
	GlobalSection(ProjectConfigurationPlatforms) = postSolution
		{097B6685-662D-44A7-A082-E1060E81D9D2}.Debug|Any CPU.ActiveCfg = Debug|Any CPU
		{097B6685-662D-44A7-A082-E1060E81D9D2}.Debug|Any CPU.Build.0 = Debug|Any CPU
		{097B6685-662D-44A7-A082-E1060E81D9D2}.Release|Any CPU.ActiveCfg = Release|Any CPU
		{097B6685-662D-44A7-A082-E1060E81D9D2}.Release|Any CPU.Build.0 = Release|Any CPU
	EndGlobalSection
	GlobalSection(SolutionProperties) = preSolution
		HideSolutionNode = FALSE
	EndGlobalSection
	GlobalSection(ExtensibilityGlobals) = postSolution
		SolutionGuid = {9B2711CD-40A4-4E3C-A6D1-036AAC4A245C}
	EndGlobalSection
EndGlobal
